// !$*UTF8*$!
{
	archiveVersion = 1;
	classes = {
	};
	objectVersion = 48;
	objects = {

/* Begin PBXBuildFile section */
		C9CA56A62071A0BF0063B304 /* AppDelegate.swift in Sources */ = {isa = PBXBuildFile; fileRef = C9CA56A52071A0BF0063B304 /* AppDelegate.swift */; };
		C9CA56A82071A0BF0063B304 /* OneViewController.swift in Sources */ = {isa = PBXBuildFile; fileRef = C9CA56A72071A0BF0063B304 /* OneViewController.swift */; };
		C9CA56AD2071A0BF0063B304 /* Assets.xcassets in Resources */ = {isa = PBXBuildFile; fileRef = C9CA56AC2071A0BF0063B304 /* Assets.xcassets */; };
		C9CA56B02071A0BF0063B304 /* LaunchScreen.storyboard in Resources */ = {isa = PBXBuildFile; fileRef = C9CA56AE2071A0BF0063B304 /* LaunchScreen.storyboard */; };
		C9CA56B82071A1250063B304 /* TwoViewController.swift in Sources */ = {isa = PBXBuildFile; fileRef = C9CA56B72071A1250063B304 /* TwoViewController.swift */; };
		C9CA56BD2071A1AA0063B304 /* OneViewModel.swift in Sources */ = {isa = PBXBuildFile; fileRef = C9CA56BC2071A1AA0063B304 /* OneViewModel.swift */; };
		C9CA56BF2071A1C50063B304 /* TwoViewModel.swift in Sources */ = {isa = PBXBuildFile; fileRef = C9CA56BE2071A1C50063B304 /* TwoViewModel.swift */; };
		C9CA56C12071A1DD0063B304 /* OneCoordinator.swift in Sources */ = {isa = PBXBuildFile; fileRef = C9CA56C02071A1DD0063B304 /* OneCoordinator.swift */; };
		C9CA56C32071A1F50063B304 /* TwoCoordinator.swift in Sources */ = {isa = PBXBuildFile; fileRef = C9CA56C22071A1F50063B304 /* TwoCoordinator.swift */; };
		C9CA56C52071A6100063B304 /* UIApplication+TopController.swift in Sources */ = {isa = PBXBuildFile; fileRef = C9CA56C42071A6100063B304 /* UIApplication+TopController.swift */; };
		C9CA56C72071A8C50063B304 /* ViewModelController.swift in Sources */ = {isa = PBXBuildFile; fileRef = C9CA56C62071A8C50063B304 /* ViewModelController.swift */; };
		C9D4FEB32072F1BC0058E971 /* UIView+Constraint.swift in Sources */ = {isa = PBXBuildFile; fileRef = C9D4FEB02072F1BC0058E971 /* UIView+Constraint.swift */; };
		C9D4FEB42072F1BC0058E971 /* UIApplication+StatusBar.swift in Sources */ = {isa = PBXBuildFile; fileRef = C9D4FEB12072F1BC0058E971 /* UIApplication+StatusBar.swift */; };
		C9D4FEB52072F1BC0058E971 /* UIColor+HEXString.swift in Sources */ = {isa = PBXBuildFile; fileRef = C9D4FEB22072F1BC0058E971 /* UIColor+HEXString.swift */; };
		C9D4FEB72072F88C0058E971 /* AppCoordinator.swift in Sources */ = {isa = PBXBuildFile; fileRef = C9D4FEB62072F88C0058E971 /* AppCoordinator.swift */; };
		C9D4FEB92072F9470058E971 /* ThreeCoordinator.swift in Sources */ = {isa = PBXBuildFile; fileRef = C9D4FEB82072F9470058E971 /* ThreeCoordinator.swift */; };
		C9D4FEBB2072FCC50058E971 /* ThreeViewModel.swift in Sources */ = {isa = PBXBuildFile; fileRef = C9D4FEBA2072FCC50058E971 /* ThreeViewModel.swift */; };
		C9D4FEBD2072FD7D0058E971 /* ViewModelProtocol.swift in Sources */ = {isa = PBXBuildFile; fileRef = C9D4FEBC2072FD7D0058E971 /* ViewModelProtocol.swift */; };
		C9D4FEBF2072FECB0058E971 /* CoordinatorProtocol.swift in Sources */ = {isa = PBXBuildFile; fileRef = C9D4FEBE2072FECB0058E971 /* CoordinatorProtocol.swift */; };
		C9D4FEC12073013C0058E971 /* ThreeViewController.swift in Sources */ = {isa = PBXBuildFile; fileRef = C9D4FEC02073013C0058E971 /* ThreeViewController.swift */; };
		C9D4FEC42073422A0058E971 /* Stack.swift in Sources */ = {isa = PBXBuildFile; fileRef = C9D4FEC32073422A0058E971 /* Stack.swift */; };
/* End PBXBuildFile section */

/* Begin PBXFileReference section */
		C9CA56A22071A0BF0063B304 /* TC.app */ = {isa = PBXFileReference; explicitFileType = wrapper.application; includeInIndex = 0; path = TC.app; sourceTree = BUILT_PRODUCTS_DIR; };
		C9CA56A52071A0BF0063B304 /* AppDelegate.swift */ = {isa = PBXFileReference; lastKnownFileType = sourcecode.swift; path = AppDelegate.swift; sourceTree = "<group>"; };
		C9CA56A72071A0BF0063B304 /* OneViewController.swift */ = {isa = PBXFileReference; lastKnownFileType = sourcecode.swift; path = OneViewController.swift; sourceTree = "<group>"; };
		C9CA56AC2071A0BF0063B304 /* Assets.xcassets */ = {isa = PBXFileReference; lastKnownFileType = folder.assetcatalog; path = Assets.xcassets; sourceTree = "<group>"; };
		C9CA56AF2071A0BF0063B304 /* Base */ = {isa = PBXFileReference; lastKnownFileType = file.storyboard; name = Base; path = Base.lproj/LaunchScreen.storyboard; sourceTree = "<group>"; };
		C9CA56B12071A0BF0063B304 /* Info.plist */ = {isa = PBXFileReference; lastKnownFileType = text.plist.xml; path = Info.plist; sourceTree = "<group>"; };
		C9CA56B72071A1250063B304 /* TwoViewController.swift */ = {isa = PBXFileReference; lastKnownFileType = sourcecode.swift; path = TwoViewController.swift; sourceTree = "<group>"; };
		C9CA56BC2071A1AA0063B304 /* OneViewModel.swift */ = {isa = PBXFileReference; lastKnownFileType = sourcecode.swift; path = OneViewModel.swift; sourceTree = "<group>"; };
		C9CA56BE2071A1C50063B304 /* TwoViewModel.swift */ = {isa = PBXFileReference; lastKnownFileType = sourcecode.swift; path = TwoViewModel.swift; sourceTree = "<group>"; };
		C9CA56C02071A1DD0063B304 /* OneCoordinator.swift */ = {isa = PBXFileReference; lastKnownFileType = sourcecode.swift; path = OneCoordinator.swift; sourceTree = "<group>"; };
		C9CA56C22071A1F50063B304 /* TwoCoordinator.swift */ = {isa = PBXFileReference; lastKnownFileType = sourcecode.swift; path = TwoCoordinator.swift; sourceTree = "<group>"; };
		C9CA56C42071A6100063B304 /* UIApplication+TopController.swift */ = {isa = PBXFileReference; lastKnownFileType = sourcecode.swift; path = "UIApplication+TopController.swift"; sourceTree = "<group>"; };
		C9CA56C62071A8C50063B304 /* ViewModelController.swift */ = {isa = PBXFileReference; lastKnownFileType = sourcecode.swift; path = ViewModelController.swift; sourceTree = "<group>"; };
		C9D4FEB02072F1BC0058E971 /* UIView+Constraint.swift */ = {isa = PBXFileReference; fileEncoding = 4; lastKnownFileType = sourcecode.swift; path = "UIView+Constraint.swift"; sourceTree = "<group>"; };
		C9D4FEB12072F1BC0058E971 /* UIApplication+StatusBar.swift */ = {isa = PBXFileReference; fileEncoding = 4; lastKnownFileType = sourcecode.swift; path = "UIApplication+StatusBar.swift"; sourceTree = "<group>"; };
		C9D4FEB22072F1BC0058E971 /* UIColor+HEXString.swift */ = {isa = PBXFileReference; fileEncoding = 4; lastKnownFileType = sourcecode.swift; path = "UIColor+HEXString.swift"; sourceTree = "<group>"; };
		C9D4FEB62072F88C0058E971 /* AppCoordinator.swift */ = {isa = PBXFileReference; lastKnownFileType = sourcecode.swift; path = AppCoordinator.swift; sourceTree = "<group>"; };
		C9D4FEB82072F9470058E971 /* ThreeCoordinator.swift */ = {isa = PBXFileReference; lastKnownFileType = sourcecode.swift; path = ThreeCoordinator.swift; sourceTree = "<group>"; };
		C9D4FEBA2072FCC50058E971 /* ThreeViewModel.swift */ = {isa = PBXFileReference; lastKnownFileType = sourcecode.swift; path = ThreeViewModel.swift; sourceTree = "<group>"; };
		C9D4FEBC2072FD7D0058E971 /* ViewModelProtocol.swift */ = {isa = PBXFileReference; lastKnownFileType = sourcecode.swift; path = ViewModelProtocol.swift; sourceTree = "<group>"; };
		C9D4FEBE2072FECB0058E971 /* CoordinatorProtocol.swift */ = {isa = PBXFileReference; lastKnownFileType = sourcecode.swift; path = CoordinatorProtocol.swift; sourceTree = "<group>"; };
		C9D4FEC02073013C0058E971 /* ThreeViewController.swift */ = {isa = PBXFileReference; lastKnownFileType = sourcecode.swift; path = ThreeViewController.swift; sourceTree = "<group>"; };
		C9D4FEC32073422A0058E971 /* Stack.swift */ = {isa = PBXFileReference; lastKnownFileType = sourcecode.swift; path = Stack.swift; sourceTree = "<group>"; };
/* End PBXFileReference section */

/* Begin PBXFrameworksBuildPhase section */
		C9CA569F2071A0BF0063B304 /* Frameworks */ = {
			isa = PBXFrameworksBuildPhase;
			buildActionMask = 2147483647;
			files = (
			);
			runOnlyForDeploymentPostprocessing = 0;
		};
/* End PBXFrameworksBuildPhase section */

/* Begin PBXGroup section */
		C9CA56992071A0BF0063B304 = {
			isa = PBXGroup;
			children = (
				C9CA56A42071A0BF0063B304 /* TC */,
				C9CA56A32071A0BF0063B304 /* Products */,
			);
			sourceTree = "<group>";
		};
		C9CA56A32071A0BF0063B304 /* Products */ = {
			isa = PBXGroup;
			children = (
				C9CA56A22071A0BF0063B304 /* TC.app */,
			);
			name = Products;
			sourceTree = "<group>";
		};
		C9CA56A42071A0BF0063B304 /* TC */ = {
			isa = PBXGroup;
			children = (
				C9CA56A52071A0BF0063B304 /* AppDelegate.swift */,
				C9CA56B92071A16E0063B304 /* Coordinators */,
				C9CA56BA2071A1790063B304 /* Views */,
				C9CA56BB2071A17F0063B304 /* ViewModels */,
				C9D4FEAF2072F19D0058E971 /* Extensions */,
				C9D4FEC2207340D10058E971 /* Tools */,
				C9CA56AC2071A0BF0063B304 /* Assets.xcassets */,
				C9CA56AE2071A0BF0063B304 /* LaunchScreen.storyboard */,
				C9CA56B12071A0BF0063B304 /* Info.plist */,
			);
			path = TC;
			sourceTree = "<group>";
		};
		C9CA56B92071A16E0063B304 /* Coordinators */ = {
			isa = PBXGroup;
			children = (
				C9D4FEBE2072FECB0058E971 /* CoordinatorProtocol.swift */,
				C9D4FEB62072F88C0058E971 /* AppCoordinator.swift */,
				C9CA56C02071A1DD0063B304 /* OneCoordinator.swift */,
				C9CA56C22071A1F50063B304 /* TwoCoordinator.swift */,
				C9D4FEB82072F9470058E971 /* ThreeCoordinator.swift */,
			);
			path = Coordinators;
			sourceTree = "<group>";
		};
		C9CA56BA2071A1790063B304 /* Views */ = {
			isa = PBXGroup;
			children = (
				C9CA56C62071A8C50063B304 /* ViewModelController.swift */,
				C9CA56A72071A0BF0063B304 /* OneViewController.swift */,
				C9CA56B72071A1250063B304 /* TwoViewController.swift */,
				C9D4FEC02073013C0058E971 /* ThreeViewController.swift */,
			);
			path = Views;
			sourceTree = "<group>";
		};
		C9CA56BB2071A17F0063B304 /* ViewModels */ = {
			isa = PBXGroup;
			children = (
				C9D4FEBC2072FD7D0058E971 /* ViewModelProtocol.swift */,
				C9CA56BC2071A1AA0063B304 /* OneViewModel.swift */,
				C9CA56BE2071A1C50063B304 /* TwoViewModel.swift */,
				C9D4FEBA2072FCC50058E971 /* ThreeViewModel.swift */,
			);
			path = ViewModels;
			sourceTree = "<group>";
		};
		C9D4FEAF2072F19D0058E971 /* Extensions */ = {
			isa = PBXGroup;
			children = (
				C9D4FEB12072F1BC0058E971 /* UIApplication+StatusBar.swift */,
				C9D4FEB22072F1BC0058E971 /* UIColor+HEXString.swift */,
				C9D4FEB02072F1BC0058E971 /* UIView+Constraint.swift */,
				C9CA56C42071A6100063B304 /* UIApplication+TopController.swift */,
			);
			path = Extensions;
			sourceTree = "<group>";
		};
		C9D4FEC2207340D10058E971 /* Tools */ = {
			isa = PBXGroup;
			children = (
				C9D4FEC32073422A0058E971 /* Stack.swift */,
			);
			path = Tools;
			sourceTree = "<group>";
		};
/* End PBXGroup section */

/* Begin PBXNativeTarget section */
		C9CA56A12071A0BF0063B304 /* TC */ = {
			isa = PBXNativeTarget;
			buildConfigurationList = C9CA56B42071A0BF0063B304 /* Build configuration list for PBXNativeTarget "TC" */;
			buildPhases = (
				C9CA569E2071A0BF0063B304 /* Sources */,
				C9CA569F2071A0BF0063B304 /* Frameworks */,
				C9CA56A02071A0BF0063B304 /* Resources */,
			);
			buildRules = (
			);
			dependencies = (
			);
			name = TC;
			productName = TC;
			productReference = C9CA56A22071A0BF0063B304 /* TC.app */;
			productType = "com.apple.product-type.application";
		};
/* End PBXNativeTarget section */

/* Begin PBXProject section */
		C9CA569A2071A0BF0063B304 /* Project object */ = {
			isa = PBXProject;
			attributes = {
				LastSwiftUpdateCheck = 0920;
				LastUpgradeCheck = 0920;
				ORGANIZATIONNAME = TTSY;
				TargetAttributes = {
					C9CA56A12071A0BF0063B304 = {
						CreatedOnToolsVersion = 9.2;
						ProvisioningStyle = Automatic;
					};
				};
			};
			buildConfigurationList = C9CA569D2071A0BF0063B304 /* Build configuration list for PBXProject "TC" */;
			compatibilityVersion = "Xcode 8.0";
			developmentRegion = en;
			hasScannedForEncodings = 0;
			knownRegions = (
				en,
				Base,
			);
			mainGroup = C9CA56992071A0BF0063B304;
			productRefGroup = C9CA56A32071A0BF0063B304 /* Products */;
			projectDirPath = "";
			projectRoot = "";
			targets = (
				C9CA56A12071A0BF0063B304 /* TC */,
			);
		};
/* End PBXProject section */

/* Begin PBXResourcesBuildPhase section */
		C9CA56A02071A0BF0063B304 /* Resources */ = {
			isa = PBXResourcesBuildPhase;
			buildActionMask = 2147483647;
			files = (
				C9CA56B02071A0BF0063B304 /* LaunchScreen.storyboard in Resources */,
				C9CA56AD2071A0BF0063B304 /* Assets.xcassets in Resources */,
			);
			runOnlyForDeploymentPostprocessing = 0;
		};
/* End PBXResourcesBuildPhase section */

/* Begin PBXSourcesBuildPhase section */
		C9CA569E2071A0BF0063B304 /* Sources */ = {
			isa = PBXSourcesBuildPhase;
			buildActionMask = 2147483647;
			files = (
				C9D4FEBD2072FD7D0058E971 /* ViewModelProtocol.swift in Sources */,
				C9D4FEBB2072FCC50058E971 /* ThreeViewModel.swift in Sources */,
				C9CA56C32071A1F50063B304 /* TwoCoordinator.swift in Sources */,
				C9CA56A82071A0BF0063B304 /* OneViewController.swift in Sources */,
				C9D4FEB72072F88C0058E971 /* AppCoordinator.swift in Sources */,
				C9CA56C12071A1DD0063B304 /* OneCoordinator.swift in Sources */,
				C9CA56BF2071A1C50063B304 /* TwoViewModel.swift in Sources */,
				C9CA56A62071A0BF0063B304 /* AppDelegate.swift in Sources */,
				C9CA56C72071A8C50063B304 /* ViewModelController.swift in Sources */,
				C9D4FEB52072F1BC0058E971 /* UIColor+HEXString.swift in Sources */,
				C9CA56B82071A1250063B304 /* TwoViewController.swift in Sources */,
				C9D4FEBF2072FECB0058E971 /* CoordinatorProtocol.swift in Sources */,
				C9D4FEB32072F1BC0058E971 /* UIView+Constraint.swift in Sources */,
				C9CA56BD2071A1AA0063B304 /* OneViewModel.swift in Sources */,
				C9D4FEB92072F9470058E971 /* ThreeCoordinator.swift in Sources */,
				C9D4FEC12073013C0058E971 /* ThreeViewController.swift in Sources */,
				C9CA56C52071A6100063B304 /* UIApplication+TopController.swift in Sources */,
				C9D4FEC42073422A0058E971 /* Stack.swift in Sources */,
				C9D4FEB42072F1BC0058E971 /* UIApplication+StatusBar.swift in Sources */,
			);
			runOnlyForDeploymentPostprocessing = 0;
		};
/* End PBXSourcesBuildPhase section */

/* Begin PBXVariantGroup section */
		C9CA56AE2071A0BF0063B304 /* LaunchScreen.storyboard */ = {
			isa = PBXVariantGroup;
			children = (
				C9CA56AF2071A0BF0063B304 /* Base */,
			);
			name = LaunchScreen.storyboard;
			sourceTree = "<group>";
		};
/* End PBXVariantGroup section */

/* Begin XCBuildConfiguration section */
		C9CA56B22071A0BF0063B304 /* Debug */ = {
			isa = XCBuildConfiguration;
			buildSettings = {
				ALWAYS_SEARCH_USER_PATHS = NO;
				CLANG_ANALYZER_NONNULL = YES;
				CLANG_ANALYZER_NUMBER_OBJECT_CONVERSION = YES_AGGRESSIVE;
				CLANG_CXX_LANGUAGE_STANDARD = "gnu++14";
				CLANG_CXX_LIBRARY = "libc++";
				CLANG_ENABLE_MODULES = YES;
				CLANG_ENABLE_OBJC_ARC = YES;
				CLANG_WARN_BLOCK_CAPTURE_AUTORELEASING = YES;
				CLANG_WARN_BOOL_CONVERSION = YES;
				CLANG_WARN_COMMA = YES;
				CLANG_WARN_CONSTANT_CONVERSION = YES;
				CLANG_WARN_DIRECT_OBJC_ISA_USAGE = YES_ERROR;
				CLANG_WARN_DOCUMENTATION_COMMENTS = YES;
				CLANG_WARN_EMPTY_BODY = YES;
				CLANG_WARN_ENUM_CONVERSION = YES;
				CLANG_WARN_INFINITE_RECURSION = YES;
				CLANG_WARN_INT_CONVERSION = YES;
				CLANG_WARN_NON_LITERAL_NULL_CONVERSION = YES;
				CLANG_WARN_OBJC_LITERAL_CONVERSION = YES;
				CLANG_WARN_OBJC_ROOT_CLASS = YES_ERROR;
				CLANG_WARN_RANGE_LOOP_ANALYSIS = YES;
				CLANG_WARN_STRICT_PROTOTYPES = YES;
				CLANG_WARN_SUSPICIOUS_MOVE = YES;
				CLANG_WARN_UNGUARDED_AVAILABILITY = YES_AGGRESSIVE;
				CLANG_WARN_UNREACHABLE_CODE = YES;
				CLANG_WARN__DUPLICATE_METHOD_MATCH = YES;
				CODE_SIGN_IDENTITY = "iPhone Developer";
				COPY_PHASE_STRIP = NO;
				DEBUG_INFORMATION_FORMAT = dwarf;
				ENABLE_STRICT_OBJC_MSGSEND = YES;
				ENABLE_TESTABILITY = YES;
				GCC_C_LANGUAGE_STANDARD = gnu11;
				GCC_DYNAMIC_NO_PIC = NO;
				GCC_NO_COMMON_BLOCKS = YES;
				GCC_OPTIMIZATION_LEVEL = 0;
				GCC_PREPROCESSOR_DEFINITIONS = (
					"DEBUG=1",
					"$(inherited)",
				);
				GCC_WARN_64_TO_32_BIT_CONVERSION = YES;
				GCC_WARN_ABOUT_RETURN_TYPE = YES_ERROR;
				GCC_WARN_UNDECLARED_SELECTOR = YES;
				GCC_WARN_UNINITIALIZED_AUTOS = YES_AGGRESSIVE;
				GCC_WARN_UNUSED_FUNCTION = YES;
				GCC_WARN_UNUSED_VARIABLE = YES;
				IPHONEOS_DEPLOYMENT_TARGET = 11.2;
				MTL_ENABLE_DEBUG_INFO = YES;
				ONLY_ACTIVE_ARCH = YES;
				SDKROOT = iphoneos;
				SWIFT_ACTIVE_COMPILATION_CONDITIONS = DEBUG;
				SWIFT_OPTIMIZATION_LEVEL = "-Onone";
			};
			name = Debug;
		};
		C9CA56B32071A0BF0063B304 /* Release */ = {
			isa = XCBuildConfiguration;
			buildSettings = {
				ALWAYS_SEARCH_USER_PATHS = NO;
				CLANG_ANALYZER_NONNULL = YES;
				CLANG_ANALYZER_NUMBER_OBJECT_CONVERSION = YES_AGGRESSIVE;
				CLANG_CXX_LANGUAGE_STANDARD = "gnu++14";
				CLANG_CXX_LIBRARY = "libc++";
				CLANG_ENABLE_MODULES = YES;
				CLANG_ENABLE_OBJC_ARC = YES;
				CLANG_WARN_BLOCK_CAPTURE_AUTORELEASING = YES;
				CLANG_WARN_BOOL_CONVERSION = YES;
				CLANG_WARN_COMMA = YES;
				CLANG_WARN_CONSTANT_CONVERSION = YES;
				CLANG_WARN_DIRECT_OBJC_ISA_USAGE = YES_ERROR;
				CLANG_WARN_DOCUMENTATION_COMMENTS = YES;
				CLANG_WARN_EMPTY_BODY = YES;
				CLANG_WARN_ENUM_CONVERSION = YES;
				CLANG_WARN_INFINITE_RECURSION = YES;
				CLANG_WARN_INT_CONVERSION = YES;
				CLANG_WARN_NON_LITERAL_NULL_CONVERSION = YES;
				CLANG_WARN_OBJC_LITERAL_CONVERSION = YES;
				CLANG_WARN_OBJC_ROOT_CLASS = YES_ERROR;
				CLANG_WARN_RANGE_LOOP_ANALYSIS = YES;
				CLANG_WARN_STRICT_PROTOTYPES = YES;
				CLANG_WARN_SUSPICIOUS_MOVE = YES;
				CLANG_WARN_UNGUARDED_AVAILABILITY = YES_AGGRESSIVE;
				CLANG_WARN_UNREACHABLE_CODE = YES;
				CLANG_WARN__DUPLICATE_METHOD_MATCH = YES;
				CODE_SIGN_IDENTITY = "iPhone Developer";
				COPY_PHASE_STRIP = NO;
				DEBUG_INFORMATION_FORMAT = "dwarf-with-dsym";
				ENABLE_NS_ASSERTIONS = NO;
				ENABLE_STRICT_OBJC_MSGSEND = YES;
				GCC_C_LANGUAGE_STANDARD = gnu11;
				GCC_NO_COMMON_BLOCKS = YES;
				GCC_WARN_64_TO_32_BIT_CONVERSION = YES;
				GCC_WARN_ABOUT_RETURN_TYPE = YES_ERROR;
				GCC_WARN_UNDECLARED_SELECTOR = YES;
				GCC_WARN_UNINITIALIZED_AUTOS = YES_AGGRESSIVE;
				GCC_WARN_UNUSED_FUNCTION = YES;
				GCC_WARN_UNUSED_VARIABLE = YES;
				IPHONEOS_DEPLOYMENT_TARGET = 11.2;
				MTL_ENABLE_DEBUG_INFO = NO;
				SDKROOT = iphoneos;
				SWIFT_OPTIMIZATION_LEVEL = "-Owholemodule";
				VALIDATE_PRODUCT = YES;
			};
			name = Release;
		};
		C9CA56B52071A0BF0063B304 /* Debug */ = {
			isa = XCBuildConfiguration;
			buildSettings = {
				ASSETCATALOG_COMPILER_APPICON_NAME = AppIcon;
				CODE_SIGN_STYLE = Automatic;
				INFOPLIST_FILE = TC/Info.plist;
				LD_RUNPATH_SEARCH_PATHS = "$(inherited) @executable_path/Frameworks";
				PRODUCT_BUNDLE_IDENTIFIER = com.ttsy.TC;
				PRODUCT_NAME = "$(TARGET_NAME)";
				SWIFT_VERSION = 4.0;
				TARGETED_DEVICE_FAMILY = "1,2";
			};
			name = Debug;
		};
		C9CA56B62071A0BF0063B304 /* Release */ = {
			isa = XCBuildConfiguration;
			buildSettings = {
				ASSETCATALOG_COMPILER_APPICON_NAME = AppIcon;
				CODE_SIGN_STYLE = Automatic;
				INFOPLIST_FILE = TC/Info.plist;
				LD_RUNPATH_SEARCH_PATHS = "$(inherited) @executable_path/Frameworks";
				PRODUCT_BUNDLE_IDENTIFIER = com.ttsy.TC;
				PRODUCT_NAME = "$(TARGET_NAME)";
				SWIFT_VERSION = 4.0;
				TARGETED_DEVICE_FAMILY = "1,2";
			};
			name = Release;
		};
/* End XCBuildConfiguration section */

/* Begin XCConfigurationList section */
		C9CA569D2071A0BF0063B304 /* Build configuration list for PBXProject "TC" */ = {
			isa = XCConfigurationList;
			buildConfigurations = (
				C9CA56B22071A0BF0063B304 /* Debug */,
				C9CA56B32071A0BF0063B304 /* Release */,
			);
			defaultConfigurationIsVisible = 0;
			defaultConfigurationName = Release;
		};
		C9CA56B42071A0BF0063B304 /* Build configuration list for PBXNativeTarget "TC" */ = {
			isa = XCConfigurationList;
			buildConfigurations = (
				C9CA56B52071A0BF0063B304 /* Debug */,
				C9CA56B62071A0BF0063B304 /* Release */,
			);
			defaultConfigurationIsVisible = 0;
			defaultConfigurationName = Release;
		};
/* End XCConfigurationList section */
	};
	rootObject = C9CA569A2071A0BF0063B304 /* Project object */;
}
